// !$*UTF8*$!
{
	archiveVersion = 1;
	classes = {
	};
	objectVersion = 46;
	objects = {

/* Begin PBXBuildFile section */
		203AF9451BC80C740061F372 /* ELScopeExts.m in Sources */ = {isa = PBXBuildFile; fileRef = 203AF9441BC80C740061F372 /* ELScopeExts.m */; };
		203AFD101BCC9B0D0061F372 /* UIView+AutoLayout.m in Sources */ = {isa = PBXBuildFile; fileRef = 203AFD0F1BCC9B0D0061F372 /* UIView+AutoLayout.m */; };
		204E9D221BB538C3009046BD /* NSString+DotNetStyle.m in Sources */ = {isa = PBXBuildFile; fileRef = 204E9D1E1BB538C3009046BD /* NSString+DotNetStyle.m */; };
		204E9D231BB538C3009046BD /* NSString+Exts.m in Sources */ = {isa = PBXBuildFile; fileRef = 204E9D211BB538C3009046BD /* NSString+Exts.m */; };
		204E9D2D1BB53934009046BD /* UIView+Effects.m in Sources */ = {isa = PBXBuildFile; fileRef = 204E9D261BB53934009046BD /* UIView+Effects.m */; };
		204E9D2E1BB53934009046BD /* UIView+Events.m in Sources */ = {isa = PBXBuildFile; fileRef = 204E9D291BB53934009046BD /* UIView+Events.m */; };
		204E9D2F1BB53934009046BD /* UIView+Layout.m in Sources */ = {isa = PBXBuildFile; fileRef = 204E9D2C1BB53934009046BD /* UIView+Layout.m */; };
		204E9D331BB53C9A009046BD /* NSDictionary+Exts.m in Sources */ = {isa = PBXBuildFile; fileRef = 204E9D321BB53C9A009046BD /* NSDictionary+Exts.m */; };
		20918AD31BFB285C00887BF9 /* NSError+Exts.m in Sources */ = {isa = PBXBuildFile; fileRef = 20918AD21BFB285C00887BF9 /* NSError+Exts.m */; };
		209E67011BDA78540068BFF2 /* UIViewController+Exts.m in Sources */ = {isa = PBXBuildFile; fileRef = 209E67001BDA78540068BFF2 /* UIViewController+Exts.m */; };
		20C4099A1BB408DE00F1D36A /* Main.storyboard in Resources */ = {isa = PBXBuildFile; fileRef = 20C409981BB408DE00F1D36A /* Main.storyboard */; };
		20C4099C1BB408DE00F1D36A /* Images.xcassets in Resources */ = {isa = PBXBuildFile; fileRef = 20C4099B1BB408DE00F1D36A /* Images.xcassets */; };
		20C4099F1BB408DE00F1D36A /* LaunchScreen.xib in Resources */ = {isa = PBXBuildFile; fileRef = 20C4099D1BB408DE00F1D36A /* LaunchScreen.xib */; };
		20C409AB1BB408DE00F1D36A /* ExampleTests.m in Sources */ = {isa = PBXBuildFile; fileRef = 20C409AA1BB408DE00F1D36A /* ExampleTests.m */; };
		20C409BC1BB4093B00F1D36A /* AppDelegate.m in Sources */ = {isa = PBXBuildFile; fileRef = 20C409B61BB4093B00F1D36A /* AppDelegate.m */; };
		20C409BD1BB4093B00F1D36A /* main.m in Sources */ = {isa = PBXBuildFile; fileRef = 20C409B71BB4093B00F1D36A /* main.m */; };
		20C409BE1BB4093B00F1D36A /* ViewController.m in Sources */ = {isa = PBXBuildFile; fileRef = 20C409BB1BB4093B00F1D36A /* ViewController.m */; };
		20DFAF231BF187F7007B5D3F /* UITableView+Exts.m in Sources */ = {isa = PBXBuildFile; fileRef = 20DFAF221BF187F7007B5D3F /* UITableView+Exts.m */; };
/* End PBXBuildFile section */

/* Begin PBXContainerItemProxy section */
		20C409A51BB408DE00F1D36A /* PBXContainerItemProxy */ = {
			isa = PBXContainerItemProxy;
			containerPortal = 20C409831BB408DE00F1D36A /* Project object */;
			proxyType = 1;
			remoteGlobalIDString = 20C4098A1BB408DE00F1D36A;
			remoteInfo = Example;
		};
/* End PBXContainerItemProxy section */

/* Begin PBXFileReference section */
		203AF9431BC80C740061F372 /* ELScopeExts.h */ = {isa = PBXFileReference; fileEncoding = 4; lastKnownFileType = sourcecode.c.h; path = ELScopeExts.h; sourceTree = "<group>"; };
		203AF9441BC80C740061F372 /* ELScopeExts.m */ = {isa = PBXFileReference; fileEncoding = 4; lastKnownFileType = sourcecode.c.objc; path = ELScopeExts.m; sourceTree = "<group>"; };
		203AF9481BC8A89F0061F372 /* ELExtsmetamacros.h */ = {isa = PBXFileReference; fileEncoding = 4; lastKnownFileType = sourcecode.c.h; path = ELExtsmetamacros.h; sourceTree = "<group>"; };
		203AFD0E1BCC9B0D0061F372 /* UIView+AutoLayout.h */ = {isa = PBXFileReference; fileEncoding = 4; lastKnownFileType = sourcecode.c.h; path = "UIView+AutoLayout.h"; sourceTree = "<group>"; };
		203AFD0F1BCC9B0D0061F372 /* UIView+AutoLayout.m */ = {isa = PBXFileReference; fileEncoding = 4; lastKnownFileType = sourcecode.c.objc; path = "UIView+AutoLayout.m"; sourceTree = "<group>"; };
		204E9D171BB536DF009046BD /* ELDictExts.h */ = {isa = PBXFileReference; lastKnownFileType = sourcecode.c.h; path = ELDictExts.h; sourceTree = "<group>"; };
		204E9D1D1BB538C3009046BD /* NSString+DotNetStyle.h */ = {isa = PBXFileReference; fileEncoding = 4; lastKnownFileType = sourcecode.c.h; path = "NSString+DotNetStyle.h"; sourceTree = "<group>"; };
		204E9D1E1BB538C3009046BD /* NSString+DotNetStyle.m */ = {isa = PBXFileReference; fileEncoding = 4; lastKnownFileType = sourcecode.c.objc; path = "NSString+DotNetStyle.m"; sourceTree = "<group>"; };
		204E9D201BB538C3009046BD /* NSString+Exts.h */ = {isa = PBXFileReference; fileEncoding = 4; lastKnownFileType = sourcecode.c.h; path = "NSString+Exts.h"; sourceTree = "<group>"; };
		204E9D211BB538C3009046BD /* NSString+Exts.m */ = {isa = PBXFileReference; fileEncoding = 4; lastKnownFileType = sourcecode.c.objc; path = "NSString+Exts.m"; sourceTree = "<group>"; };
		204E9D251BB53934009046BD /* UIView+Effects.h */ = {isa = PBXFileReference; fileEncoding = 4; lastKnownFileType = sourcecode.c.h; path = "UIView+Effects.h"; sourceTree = "<group>"; };
		204E9D261BB53934009046BD /* UIView+Effects.m */ = {isa = PBXFileReference; fileEncoding = 4; lastKnownFileType = sourcecode.c.objc; path = "UIView+Effects.m"; sourceTree = "<group>"; };
		204E9D281BB53934009046BD /* UIView+Events.h */ = {isa = PBXFileReference; fileEncoding = 4; lastKnownFileType = sourcecode.c.h; path = "UIView+Events.h"; sourceTree = "<group>"; };
		204E9D291BB53934009046BD /* UIView+Events.m */ = {isa = PBXFileReference; fileEncoding = 4; lastKnownFileType = sourcecode.c.objc; path = "UIView+Events.m"; sourceTree = "<group>"; };
		204E9D2B1BB53934009046BD /* UIView+Layout.h */ = {isa = PBXFileReference; fileEncoding = 4; lastKnownFileType = sourcecode.c.h; path = "UIView+Layout.h"; sourceTree = "<group>"; };
		204E9D2C1BB53934009046BD /* UIView+Layout.m */ = {isa = PBXFileReference; fileEncoding = 4; lastKnownFileType = sourcecode.c.objc; path = "UIView+Layout.m"; sourceTree = "<group>"; };
		204E9D311BB53C9A009046BD /* NSDictionary+Exts.h */ = {isa = PBXFileReference; fileEncoding = 4; lastKnownFileType = sourcecode.c.h; path = "NSDictionary+Exts.h"; sourceTree = "<group>"; };
		204E9D321BB53C9A009046BD /* NSDictionary+Exts.m */ = {isa = PBXFileReference; fileEncoding = 4; lastKnownFileType = sourcecode.c.objc; path = "NSDictionary+Exts.m"; sourceTree = "<group>"; };
		204E9D341BB53CF6009046BD /* ELCocoaExts.h */ = {isa = PBXFileReference; lastKnownFileType = sourcecode.c.h; path = ELCocoaExts.h; sourceTree = "<group>"; };
		20918AD11BFB285C00887BF9 /* NSError+Exts.h */ = {isa = PBXFileReference; fileEncoding = 4; lastKnownFileType = sourcecode.c.h; path = "NSError+Exts.h"; sourceTree = "<group>"; };
		20918AD21BFB285C00887BF9 /* NSError+Exts.m */ = {isa = PBXFileReference; fileEncoding = 4; lastKnownFileType = sourcecode.c.objc; path = "NSError+Exts.m"; sourceTree = "<group>"; };
		20918AD41BFB287000887BF9 /* ELErrorExts.h */ = {isa = PBXFileReference; fileEncoding = 4; lastKnownFileType = sourcecode.c.h; path = ELErrorExts.h; sourceTree = "<group>"; };
		209E66FE1BDA78190068BFF2 /* ELViewControllerExts.h */ = {isa = PBXFileReference; lastKnownFileType = sourcecode.c.h; path = ELViewControllerExts.h; sourceTree = "<group>"; };
		209E66FF1BDA78540068BFF2 /* UIViewController+Exts.h */ = {isa = PBXFileReference; fileEncoding = 4; lastKnownFileType = sourcecode.c.h; path = "UIViewController+Exts.h"; sourceTree = "<group>"; };
		209E67001BDA78540068BFF2 /* UIViewController+Exts.m */ = {isa = PBXFileReference; fileEncoding = 4; lastKnownFileType = sourcecode.c.objc; path = "UIViewController+Exts.m"; sourceTree = "<group>"; };
		20C4098B1BB408DE00F1D36A /* Example.app */ = {isa = PBXFileReference; explicitFileType = wrapper.application; includeInIndex = 0; path = Example.app; sourceTree = BUILT_PRODUCTS_DIR; };
		20C4098F1BB408DE00F1D36A /* Info.plist */ = {isa = PBXFileReference; lastKnownFileType = text.plist.xml; name = Info.plist; path = ../Info.plist; sourceTree = "<group>"; };
		20C409991BB408DE00F1D36A /* Base */ = {isa = PBXFileReference; lastKnownFileType = file.storyboard; name = Base; path = Base.lproj/Main.storyboard; sourceTree = "<group>"; };
		20C4099B1BB408DE00F1D36A /* Images.xcassets */ = {isa = PBXFileReference; lastKnownFileType = folder.assetcatalog; path = Images.xcassets; sourceTree = "<group>"; };
		20C4099E1BB408DE00F1D36A /* Base */ = {isa = PBXFileReference; lastKnownFileType = file.xib; name = Base; path = Base.lproj/LaunchScreen.xib; sourceTree = "<group>"; };
		20C409A41BB408DE00F1D36A /* ExampleTests.xctest */ = {isa = PBXFileReference; explicitFileType = wrapper.cfbundle; includeInIndex = 0; path = ExampleTests.xctest; sourceTree = BUILT_PRODUCTS_DIR; };
		20C409A91BB408DE00F1D36A /* Info.plist */ = {isa = PBXFileReference; lastKnownFileType = text.plist.xml; path = Info.plist; sourceTree = "<group>"; };
		20C409AA1BB408DE00F1D36A /* ExampleTests.m */ = {isa = PBXFileReference; lastKnownFileType = sourcecode.c.objc; path = ExampleTests.m; sourceTree = "<group>"; };
		20C409B51BB4093B00F1D36A /* AppDelegate.h */ = {isa = PBXFileReference; fileEncoding = 4; lastKnownFileType = sourcecode.c.h; path = AppDelegate.h; sourceTree = "<group>"; };
		20C409B61BB4093B00F1D36A /* AppDelegate.m */ = {isa = PBXFileReference; fileEncoding = 4; lastKnownFileType = sourcecode.c.objc; path = AppDelegate.m; sourceTree = "<group>"; };
		20C409B71BB4093B00F1D36A /* main.m */ = {isa = PBXFileReference; fileEncoding = 4; lastKnownFileType = sourcecode.c.objc; path = main.m; sourceTree = "<group>"; };
		20C409BA1BB4093B00F1D36A /* ViewController.h */ = {isa = PBXFileReference; fileEncoding = 4; lastKnownFileType = sourcecode.c.h; path = ViewController.h; sourceTree = "<group>"; };
		20C409BB1BB4093B00F1D36A /* ViewController.m */ = {isa = PBXFileReference; fileEncoding = 4; lastKnownFileType = sourcecode.c.objc; path = ViewController.m; sourceTree = "<group>"; };
		20C409C21BB4096800F1D36A /* ELViewExts.h */ = {isa = PBXFileReference; fileEncoding = 4; lastKnownFileType = sourcecode.c.h; path = ELViewExts.h; sourceTree = "<group>"; };
		20DFAF211BF187F7007B5D3F /* UITableView+Exts.h */ = {isa = PBXFileReference; fileEncoding = 4; lastKnownFileType = sourcecode.c.h; path = "UITableView+Exts.h"; sourceTree = "<group>"; };
		20DFAF221BF187F7007B5D3F /* UITableView+Exts.m */ = {isa = PBXFileReference; fileEncoding = 4; lastKnownFileType = sourcecode.c.objc; path = "UITableView+Exts.m"; sourceTree = "<group>"; };
		20F53A9E1BB4F60700C52E5E /* ELStringExts.h */ = {isa = PBXFileReference; lastKnownFileType = sourcecode.c.h; path = ELStringExts.h; sourceTree = "<group>"; };
/* End PBXFileReference section */

/* Begin PBXFrameworksBuildPhase section */
		20C409881BB408DE00F1D36A /* Frameworks */ = {
			isa = PBXFrameworksBuildPhase;
			buildActionMask = 2147483647;
			files = (
			);
			runOnlyForDeploymentPostprocessing = 0;
		};
		20C409A11BB408DE00F1D36A /* Frameworks */ = {
			isa = PBXFrameworksBuildPhase;
			buildActionMask = 2147483647;
			files = (
			);
			runOnlyForDeploymentPostprocessing = 0;
		};
/* End PBXFrameworksBuildPhase section */

/* Begin PBXGroup section */
		203AF9421BC80BC50061F372 /* ELGlobalExts */ = {
			isa = PBXGroup;
			children = (
				203AF9481BC8A89F0061F372 /* ELExtsmetamacros.h */,
				203AF9431BC80C740061F372 /* ELScopeExts.h */,
				203AF9441BC80C740061F372 /* ELScopeExts.m */,
			);
			path = ELGlobalExts;
			sourceTree = "<group>";
		};
		204E9D161BB536BE009046BD /* ELDictExts */ = {
			isa = PBXGroup;
			children = (
				204E9D301BB53C9A009046BD /* DictionaryExts */,
				204E9D171BB536DF009046BD /* ELDictExts.h */,
			);
			path = ELDictExts;
			sourceTree = "<group>";
		};
		204E9D1C1BB538C3009046BD /* DotNetStyle */ = {
			isa = PBXGroup;
			children = (
				204E9D1D1BB538C3009046BD /* NSString+DotNetStyle.h */,
				204E9D1E1BB538C3009046BD /* NSString+DotNetStyle.m */,
			);
			path = DotNetStyle;
			sourceTree = "<group>";
		};
		204E9D1F1BB538C3009046BD /* StringExts */ = {
			isa = PBXGroup;
			children = (
				204E9D201BB538C3009046BD /* NSString+Exts.h */,
				204E9D211BB538C3009046BD /* NSString+Exts.m */,
			);
			path = StringExts;
			sourceTree = "<group>";
		};
		204E9D241BB53934009046BD /* EffectsExts */ = {
			isa = PBXGroup;
			children = (
				204E9D251BB53934009046BD /* UIView+Effects.h */,
				204E9D261BB53934009046BD /* UIView+Effects.m */,
			);
			path = EffectsExts;
			sourceTree = "<group>";
		};
		204E9D271BB53934009046BD /* EventsExts */ = {
			isa = PBXGroup;
			children = (
				204E9D281BB53934009046BD /* UIView+Events.h */,
				204E9D291BB53934009046BD /* UIView+Events.m */,
			);
			path = EventsExts;
			sourceTree = "<group>";
		};
		204E9D2A1BB53934009046BD /* LayoutExts */ = {
			isa = PBXGroup;
			children = (
				204E9D2B1BB53934009046BD /* UIView+Layout.h */,
				204E9D2C1BB53934009046BD /* UIView+Layout.m */,
				203AFD0E1BCC9B0D0061F372 /* UIView+AutoLayout.h */,
				203AFD0F1BCC9B0D0061F372 /* UIView+AutoLayout.m */,
			);
			path = LayoutExts;
			sourceTree = "<group>";
		};
		204E9D301BB53C9A009046BD /* DictionaryExts */ = {
			isa = PBXGroup;
			children = (
				204E9D311BB53C9A009046BD /* NSDictionary+Exts.h */,
				204E9D321BB53C9A009046BD /* NSDictionary+Exts.m */,
			);
			path = DictionaryExts;
			sourceTree = "<group>";
		};
		20918ACB1BFB1FA200887BF9 /* ELErrorExts */ = {
			isa = PBXGroup;
			children = (
				20918AD41BFB287000887BF9 /* ELErrorExts.h */,
				20918ACF1BFB281200887BF9 /* ErrorExts */,
			);
			path = ELErrorExts;
			sourceTree = "<group>";
		};
		20918ACF1BFB281200887BF9 /* ErrorExts */ = {
			isa = PBXGroup;
			children = (
				20918AD11BFB285C00887BF9 /* NSError+Exts.h */,
				20918AD21BFB285C00887BF9 /* NSError+Exts.m */,
			);
			path = ErrorExts;
			sourceTree = "<group>";
		};
		209E66FC1BDA77A30068BFF2 /* ELViewControllerExts */ = {
			isa = PBXGroup;
			children = (
				209E66FD1BDA77A30068BFF2 /* ViewControllerExts */,
				209E66FE1BDA78190068BFF2 /* ELViewControllerExts.h */,
			);
			path = ELViewControllerExts;
			sourceTree = "<group>";
		};
		209E66FD1BDA77A30068BFF2 /* ViewControllerExts */ = {
			isa = PBXGroup;
			children = (
				209E66FF1BDA78540068BFF2 /* UIViewController+Exts.h */,
				209E67001BDA78540068BFF2 /* UIViewController+Exts.m */,
			);
			path = ViewControllerExts;
			sourceTree = "<group>";
		};
		20C409821BB408DE00F1D36A = {
			isa = PBXGroup;
			children = (
				20C4098D1BB408DE00F1D36A /* Example */,
				20C409A71BB408DE00F1D36A /* ExampleTests */,
				20C4098C1BB408DE00F1D36A /* Products */,
			);
			sourceTree = "<group>";
		};
		20C4098C1BB408DE00F1D36A /* Products */ = {
			isa = PBXGroup;
			children = (
				20C4098B1BB408DE00F1D36A /* Example.app */,
				20C409A41BB408DE00F1D36A /* ExampleTests.xctest */,
			);
			name = Products;
			sourceTree = "<group>";
		};
		20C4098D1BB408DE00F1D36A /* Example */ = {
			isa = PBXGroup;
			children = (
				20C409BF1BB4096800F1D36A /* ELCocoaExts */,
				20C409B41BB4093B00F1D36A /* Application */,
				20C409CB1BB4099600F1D36A /* Resources */,
				20C409B91BB4093B00F1D36A /* UI */,
				20C4099B1BB408DE00F1D36A /* Images.xcassets */,
			);
			path = Example;
			sourceTree = "<group>";
		};
		20C409A71BB408DE00F1D36A /* ExampleTests */ = {
			isa = PBXGroup;
			children = (
				20C409AA1BB408DE00F1D36A /* ExampleTests.m */,
				20C409A81BB408DE00F1D36A /* Supporting Files */,
			);
			path = ExampleTests;
			sourceTree = "<group>";
		};
		20C409A81BB408DE00F1D36A /* Supporting Files */ = {
			isa = PBXGroup;
			children = (
				20C409A91BB408DE00F1D36A /* Info.plist */,
			);
			name = "Supporting Files";
			sourceTree = "<group>";
		};
		20C409B41BB4093B00F1D36A /* Application */ = {
			isa = PBXGroup;
			children = (
				20C409B51BB4093B00F1D36A /* AppDelegate.h */,
				20C409B61BB4093B00F1D36A /* AppDelegate.m */,
				20C409B71BB4093B00F1D36A /* main.m */,
			);
			path = Application;
			sourceTree = "<group>";
		};
		20C409B91BB4093B00F1D36A /* UI */ = {
			isa = PBXGroup;
			children = (
				20C4099D1BB408DE00F1D36A /* LaunchScreen.xib */,
				20C409981BB408DE00F1D36A /* Main.storyboard */,
				20C409BA1BB4093B00F1D36A /* ViewController.h */,
				20C409BB1BB4093B00F1D36A /* ViewController.m */,
			);
			path = UI;
			sourceTree = "<group>";
		};
		20C409BF1BB4096800F1D36A /* ELCocoaExts */ = {
			isa = PBXGroup;
			children = (
				204E9D341BB53CF6009046BD /* ELCocoaExts.h */,
				20918ACB1BFB1FA200887BF9 /* ELErrorExts */,
				203AF9421BC80BC50061F372 /* ELGlobalExts */,
				204E9D161BB536BE009046BD /* ELDictExts */,
				20F53A9D1BB4F5B900C52E5E /* ELStringExts */,
				20C409C01BB4096800F1D36A /* ELViewExts */,
				209E66FC1BDA77A30068BFF2 /* ELViewControllerExts */,
			);
			name = ELCocoaExts;
			path = ../../ELCocoaExts;
			sourceTree = "<group>";
		};
		20C409C01BB4096800F1D36A /* ELViewExts */ = {
			isa = PBXGroup;
			children = (
				20DFAF201BF187CC007B5D3F /* TableViewExts */,
				204E9D241BB53934009046BD /* EffectsExts */,
				204E9D271BB53934009046BD /* EventsExts */,
				204E9D2A1BB53934009046BD /* LayoutExts */,
				20C409C21BB4096800F1D36A /* ELViewExts.h */,
			);
			path = ELViewExts;
			sourceTree = "<group>";
		};
		20C409CB1BB4099600F1D36A /* Resources */ = {
			isa = PBXGroup;
			children = (
				20C4098F1BB408DE00F1D36A /* Info.plist */,
			);
			path = Resources;
			sourceTree = "<group>";
		};
		20DFAF201BF187CC007B5D3F /* TableViewExts */ = {
			isa = PBXGroup;
			children = (
				20DFAF211BF187F7007B5D3F /* UITableView+Exts.h */,
				20DFAF221BF187F7007B5D3F /* UITableView+Exts.m */,
			);
			path = TableViewExts;
			sourceTree = "<group>";
		};
		20F53A9D1BB4F5B900C52E5E /* ELStringExts */ = {
			isa = PBXGroup;
			children = (
				20F53A9E1BB4F60700C52E5E /* ELStringExts.h */,
				204E9D1C1BB538C3009046BD /* DotNetStyle */,
				204E9D1F1BB538C3009046BD /* StringExts */,
			);
			path = ELStringExts;
			sourceTree = "<group>";
		};
/* End PBXGroup section */

/* Begin PBXNativeTarget section */
		20C4098A1BB408DE00F1D36A /* Example */ = {
			isa = PBXNativeTarget;
			buildConfigurationList = 20C409AE1BB408DE00F1D36A /* Build configuration list for PBXNativeTarget "Example" */;
			buildPhases = (
				20C409871BB408DE00F1D36A /* Sources */,
				20C409881BB408DE00F1D36A /* Frameworks */,
				20C409891BB408DE00F1D36A /* Resources */,
			);
			buildRules = (
			);
			dependencies = (
			);
			name = Example;
			productName = Example;
			productReference = 20C4098B1BB408DE00F1D36A /* Example.app */;
			productType = "com.apple.product-type.application";
		};
		20C409A31BB408DE00F1D36A /* ExampleTests */ = {
			isa = PBXNativeTarget;
			buildConfigurationList = 20C409B11BB408DE00F1D36A /* Build configuration list for PBXNativeTarget "ExampleTests" */;
			buildPhases = (
				20C409A01BB408DE00F1D36A /* Sources */,
				20C409A11BB408DE00F1D36A /* Frameworks */,
				20C409A21BB408DE00F1D36A /* Resources */,
			);
			buildRules = (
			);
			dependencies = (
				20C409A61BB408DE00F1D36A /* PBXTargetDependency */,
			);
			name = ExampleTests;
			productName = ExampleTests;
			productReference = 20C409A41BB408DE00F1D36A /* ExampleTests.xctest */;
			productType = "com.apple.product-type.bundle.unit-test";
		};
/* End PBXNativeTarget section */

/* Begin PBXProject section */
		20C409831BB408DE00F1D36A /* Project object */ = {
			isa = PBXProject;
			attributes = {
				LastUpgradeCheck = 0640;
				ORGANIZATIONNAME = WewaySoft;
				TargetAttributes = {
					20C4098A1BB408DE00F1D36A = {
						CreatedOnToolsVersion = 6.4;
					};
					20C409A31BB408DE00F1D36A = {
						CreatedOnToolsVersion = 6.4;
						TestTargetID = 20C4098A1BB408DE00F1D36A;
					};
				};
			};
			buildConfigurationList = 20C409861BB408DE00F1D36A /* Build configuration list for PBXProject "Example" */;
			compatibilityVersion = "Xcode 3.2";
			developmentRegion = English;
			hasScannedForEncodings = 0;
			knownRegions = (
				en,
				Base,
			);
			mainGroup = 20C409821BB408DE00F1D36A;
			productRefGroup = 20C4098C1BB408DE00F1D36A /* Products */;
			projectDirPath = "";
			projectRoot = "";
			targets = (
				20C4098A1BB408DE00F1D36A /* Example */,
				20C409A31BB408DE00F1D36A /* ExampleTests */,
			);
		};
/* End PBXProject section */

/* Begin PBXResourcesBuildPhase section */
		20C409891BB408DE00F1D36A /* Resources */ = {
			isa = PBXResourcesBuildPhase;
			buildActionMask = 2147483647;
			files = (
				20C4099A1BB408DE00F1D36A /* Main.storyboard in Resources */,
				20C4099F1BB408DE00F1D36A /* LaunchScreen.xib in Resources */,
				20C4099C1BB408DE00F1D36A /* Images.xcassets in Resources */,
			);
			runOnlyForDeploymentPostprocessing = 0;
		};
		20C409A21BB408DE00F1D36A /* Resources */ = {
			isa = PBXResourcesBuildPhase;
			buildActionMask = 2147483647;
			files = (
			);
			runOnlyForDeploymentPostprocessing = 0;
		};
/* End PBXResourcesBuildPhase section */

/* Begin PBXSourcesBuildPhase section */
		20C409871BB408DE00F1D36A /* Sources */ = {
			isa = PBXSourcesBuildPhase;
			buildActionMask = 2147483647;
			files = (
				209E67011BDA78540068BFF2 /* UIViewController+Exts.m in Sources */,
				20C409BC1BB4093B00F1D36A /* AppDelegate.m in Sources */,
				203AF9451BC80C740061F372 /* ELScopeExts.m in Sources */,
				20C409BD1BB4093B00F1D36A /* main.m in Sources */,
				20C409BE1BB4093B00F1D36A /* ViewController.m in Sources */,
				20918AD31BFB285C00887BF9 /* NSError+Exts.m in Sources */,
				204E9D2E1BB53934009046BD /* UIView+Events.m in Sources */,
				204E9D221BB538C3009046BD /* NSString+DotNetStyle.m in Sources */,
				20DFAF231BF187F7007B5D3F /* UITableView+Exts.m in Sources */,
				204E9D2F1BB53934009046BD /* UIView+Layout.m in Sources */,
				204E9D231BB538C3009046BD /* NSString+Exts.m in Sources */,
				203AFD101BCC9B0D0061F372 /* UIView+AutoLayout.m in Sources */,
				204E9D2D1BB53934009046BD /* UIView+Effects.m in Sources */,
				204E9D331BB53C9A009046BD /* NSDictionary+Exts.m in Sources */,
			);
			runOnlyForDeploymentPostprocessing = 0;
		};
		20C409A01BB408DE00F1D36A /* Sources */ = {
			isa = PBXSourcesBuildPhase;
			buildActionMask = 2147483647;
			files = (
				20C409AB1BB408DE00F1D36A /* ExampleTests.m in Sources */,
			);
			runOnlyForDeploymentPostprocessing = 0;
		};
/* End PBXSourcesBuildPhase section */

/* Begin PBXTargetDependency section */
		20C409A61BB408DE00F1D36A /* PBXTargetDependency */ = {
			isa = PBXTargetDependency;
			target = 20C4098A1BB408DE00F1D36A /* Example */;
			targetProxy = 20C409A51BB408DE00F1D36A /* PBXContainerItemProxy */;
		};
/* End PBXTargetDependency section */

/* Begin PBXVariantGroup section */
		20C409981BB408DE00F1D36A /* Main.storyboard */ = {
			isa = PBXVariantGroup;
			children = (
				20C409991BB408DE00F1D36A /* Base */,
			);
			name = Main.storyboard;
			path = ..;
			sourceTree = "<group>";
		};
		20C4099D1BB408DE00F1D36A /* LaunchScreen.xib */ = {
			isa = PBXVariantGroup;
			children = (
				20C4099E1BB408DE00F1D36A /* Base */,
			);
			name = LaunchScreen.xib;
			path = ..;
			sourceTree = "<group>";
		};
/* End PBXVariantGroup section */

/* Begin XCBuildConfiguration section */
		20C409AC1BB408DE00F1D36A /* Debug */ = {
			isa = XCBuildConfiguration;
			buildSettings = {
				ALWAYS_SEARCH_USER_PATHS = NO;
				CLANG_CXX_LANGUAGE_STANDARD = "gnu++0x";
				CLANG_CXX_LIBRARY = "libc++";
				CLANG_ENABLE_MODULES = YES;
				CLANG_ENABLE_OBJC_ARC = YES;
				CLANG_WARN_BOOL_CONVERSION = YES;
				CLANG_WARN_CONSTANT_CONVERSION = YES;
				CLANG_WARN_DIRECT_OBJC_ISA_USAGE = YES_ERROR;
				CLANG_WARN_EMPTY_BODY = YES;
				CLANG_WARN_ENUM_CONVERSION = YES;
				CLANG_WARN_INT_CONVERSION = YES;
				CLANG_WARN_OBJC_ROOT_CLASS = YES_ERROR;
				CLANG_WARN_UNREACHABLE_CODE = YES;
				CLANG_WARN__DUPLICATE_METHOD_MATCH = YES;
				"CODE_SIGN_IDENTITY[sdk=iphoneos*]" = "iPhone Developer";
				COPY_PHASE_STRIP = NO;
				DEBUG_INFORMATION_FORMAT = "dwarf-with-dsym";
				ENABLE_STRICT_OBJC_MSGSEND = YES;
				GCC_C_LANGUAGE_STANDARD = gnu99;
				GCC_DYNAMIC_NO_PIC = NO;
				GCC_NO_COMMON_BLOCKS = YES;
				GCC_OPTIMIZATION_LEVEL = 0;
				GCC_PREPROCESSOR_DEFINITIONS = (
					"DEBUG=1",
					"$(inherited)",
				);
				GCC_SYMBOLS_PRIVATE_EXTERN = NO;
				GCC_WARN_64_TO_32_BIT_CONVERSION = YES;
				GCC_WARN_ABOUT_RETURN_TYPE = YES_ERROR;
				GCC_WARN_UNDECLARED_SELECTOR = YES;
				GCC_WARN_UNINITIALIZED_AUTOS = YES_AGGRESSIVE;
				GCC_WARN_UNUSED_FUNCTION = YES;
				GCC_WARN_UNUSED_VARIABLE = YES;
				IPHONEOS_DEPLOYMENT_TARGET = 8.4;
				MTL_ENABLE_DEBUG_INFO = YES;
				ONLY_ACTIVE_ARCH = YES;
				SDKROOT = iphoneos;
			};
			name = Debug;
		};
		20C409AD1BB408DE00F1D36A /* Release */ = {
			isa = XCBuildConfiguration;
			buildSettings = {
				ALWAYS_SEARCH_USER_PATHS = NO;
				CLANG_CXX_LANGUAGE_STANDARD = "gnu++0x";
				CLANG_CXX_LIBRARY = "libc++";
				CLANG_ENABLE_MODULES = YES;
				CLANG_ENABLE_OBJC_ARC = YES;
				CLANG_WARN_BOOL_CONVERSION = YES;
				CLANG_WARN_CONSTANT_CONVERSION = YES;
				CLANG_WARN_DIRECT_OBJC_ISA_USAGE = YES_ERROR;
				CLANG_WARN_EMPTY_BODY = YES;
				CLANG_WARN_ENUM_CONVERSION = YES;
				CLANG_WARN_INT_CONVERSION = YES;
				CLANG_WARN_OBJC_ROOT_CLASS = YES_ERROR;
				CLANG_WARN_UNREACHABLE_CODE = YES;
				CLANG_WARN__DUPLICATE_METHOD_MATCH = YES;
				"CODE_SIGN_IDENTITY[sdk=iphoneos*]" = "iPhone Developer";
				COPY_PHASE_STRIP = NO;
				DEBUG_INFORMATION_FORMAT = "dwarf-with-dsym";
				ENABLE_NS_ASSERTIONS = NO;
				ENABLE_STRICT_OBJC_MSGSEND = YES;
				GCC_C_LANGUAGE_STANDARD = gnu99;
				GCC_NO_COMMON_BLOCKS = YES;
				GCC_WARN_64_TO_32_BIT_CONVERSION = YES;
				GCC_WARN_ABOUT_RETURN_TYPE = YES_ERROR;
				GCC_WARN_UNDECLARED_SELECTOR = YES;
				GCC_WARN_UNINITIALIZED_AUTOS = YES_AGGRESSIVE;
				GCC_WARN_UNUSED_FUNCTION = YES;
				GCC_WARN_UNUSED_VARIABLE = YES;
				IPHONEOS_DEPLOYMENT_TARGET = 8.4;
				MTL_ENABLE_DEBUG_INFO = NO;
				SDKROOT = iphoneos;
				VALIDATE_PRODUCT = YES;
			};
			name = Release;
		};
		20C409AF1BB408DE00F1D36A /* Debug */ = {
			isa = XCBuildConfiguration;
			buildSettings = {
				ASSETCATALOG_COMPILER_APPICON_NAME = AppIcon;
				INFOPLIST_FILE = Example/Info.plist;
				IPHONEOS_DEPLOYMENT_TARGET = 7.0;
				LD_RUNPATH_SEARCH_PATHS = "$(inherited) @executable_path/Frameworks";
				PRODUCT_NAME = "$(TARGET_NAME)";
			};
			name = Debug;
		};
		20C409B01BB408DE00F1D36A /* Release */ = {
			isa = XCBuildConfiguration;
			buildSettings = {
				ASSETCATALOG_COMPILER_APPICON_NAME = AppIcon;
				INFOPLIST_FILE = Example/Info.plist;
				IPHONEOS_DEPLOYMENT_TARGET = 7.0;
				LD_RUNPATH_SEARCH_PATHS = "$(inherited) @executable_path/Frameworks";
				PRODUCT_NAME = "$(TARGET_NAME)";
			};
			name = Release;
		};
		20C409B21BB408DE00F1D36A /* Debug */ = {
			isa = XCBuildConfiguration;
			buildSettings = {
				BUNDLE_LOADER = "$(TEST_HOST)";
				FRAMEWORK_SEARCH_PATHS = (
					"$(SDKROOT)/Developer/Library/Frameworks",
					"$(inherited)",
				);
				GCC_PREPROCESSOR_DEFINITIONS = (
					"DEBUG=1",
					"$(inherited)",
				);
				INFOPLIST_FILE = ExampleTests/Info.plist;
				LD_RUNPATH_SEARCH_PATHS = "$(inherited) @executable_path/Frameworks @loader_path/Frameworks";
				PRODUCT_NAME = "$(TARGET_NAME)";
				TEST_HOST = "$(BUILT_PRODUCTS_DIR)/Example.app/Example";
			};
			name = Debug;
		};
		20C409B31BB408DE00F1D36A /* Release */ = {
			isa = XCBuildConfiguration;
			buildSettings = {
				BUNDLE_LOADER = "$(TEST_HOST)";
				FRAMEWORK_SEARCH_PATHS = (
					"$(SDKROOT)/Developer/Library/Frameworks",
					"$(inherited)",
				);
				INFOPLIST_FILE = ExampleTests/Info.plist;
				LD_RUNPATH_SEARCH_PATHS = "$(inherited) @executable_path/Frameworks @loader_path/Frameworks";
				PRODUCT_NAME = "$(TARGET_NAME)";
				TEST_HOST = "$(BUILT_PRODUCTS_DIR)/Example.app/Example";
			};
			name = Release;
		};
/* End XCBuildConfiguration section */

/* Begin XCConfigurationList section */
		20C409861BB408DE00F1D36A /* Build configuration list for PBXProject "Example" */ = {
			isa = XCConfigurationList;
			buildConfigurations = (
				20C409AC1BB408DE00F1D36A /* Debug */,
				20C409AD1BB408DE00F1D36A /* Release */,
			);
			defaultConfigurationIsVisible = 0;
			defaultConfigurationName = Release;
		};
		20C409AE1BB408DE00F1D36A /* Build configuration list for PBXNativeTarget "Example" */ = {
			isa = XCConfigurationList;
			buildConfigurations = (
				20C409AF1BB408DE00F1D36A /* Debug */,
				20C409B01BB408DE00F1D36A /* Release */,
			);
			defaultConfigurationIsVisible = 0;
			defaultConfigurationName = Release;
		};
		20C409B11BB408DE00F1D36A /* Build configuration list for PBXNativeTarget "ExampleTests" */ = {
			isa = XCConfigurationList;
			buildConfigurations = (
				20C409B21BB408DE00F1D36A /* Debug */,
				20C409B31BB408DE00F1D36A /* Release */,
			);
			defaultConfigurationIsVisible = 0;
			defaultConfigurationName = Release;
		};
/* End XCConfigurationList section */
	};
	rootObject = 20C409831BB408DE00F1D36A /* Project object */;
}
